# This file is autogenerated, do not edit; changes may be undone by the next 'dep ensure'.


[[projects]]
  digest = "1:870d441fe217b8e689d7949fef6e43efbc787e50f200cb1e70dbca9204a1d6be"
  name = "github.com/inconshreveable/mousetrap"
  packages = ["."]
  pruneopts = "UT"
  revision = "76626ae9c91c4f2a10f34cad8ce83ea42c93bb75"
  version = "v1.0"

[[projects]]
  digest = "1:ee74846a22fac181cfbe3e8427bafc0a8083114828c9fd681e9b84a57d243e78"
  name = "github.com/influxdata/influxdb-client-go"
  packages = [
    ".",
    "internal/ast",
    "internal/gzip",
  ]
  pruneopts = "UT"
  revision = "7eca16a8ddcb356254e7e5430d724c7d598f848a"
  version = "v0.1.0"

[[projects]]
  branch = "master"
  digest = "1:0b819a6061d2621ca30433c4c8aa89b3a4da6e6cafd109e5ec625d594e120d7f"
  name = "github.com/influxdata/line-protocol"
  packages = ["."]
  pruneopts = "UT"
  revision = "5712a8124a9aad1fe4f630c2f63588e94cf817c8"

[[projects]]
  digest = "1:31e761d97c76151dde79e9d28964a812c46efc5baee4085b86f68f0c654450de"
  name = "github.com/konsorten/go-windows-terminal-sequences"
  packages = ["."]
  pruneopts = "UT"
  revision = "f55edac94c9bbba5d6182a4be46d86a2c9b5b50e"
  version = "v1.0.2"

[[projects]]
  branch = "master"
  digest = "1:ec47dd9956f2a5f2ae66e79dcf12960d966dc0b641c8f876657fd28af04d3df7"
  name = "github.com/rajatjindal/gfi-analytics-client"
  packages = [
    "cmd",
    "pkg/analytics",
    "pkg/store",
  ]
  pruneopts = "UT"
  revision = "cf018784c7e98962febfd336c58ced19f51841d4"

[[projects]]
  digest = "1:04457f9f6f3ffc5fea48e71d62f2ca256637dee0a04d710288e27e05c8b41976"
  name = "github.com/sirupsen/logrus"
  packages = ["."]
  pruneopts = "UT"
  revision = "839c75faf7f98a33d445d181f3018b5c3409a45e"
  version = "v1.4.2"

[[projects]]
  digest = "1:e096613fb7cf34743d49af87d197663cfccd61876e2219853005a57baedfa562"
  name = "github.com/spf13/cobra"
  packages = ["."]
  pruneopts = "UT"
  revision = "f2b07da1e2c38d5f12845a4f607e2e1018cbb1f5"
  version = "v0.0.5"

[[projects]]
  digest = "1:524b71991fc7d9246cc7dc2d9e0886ccb97648091c63e30eef619e6862c955dd"
  name = "github.com/spf13/pflag"
  packages = ["."]
  pruneopts = "UT"
  revision = "2e9d26c8c37aae03e3f9d4e90b7116f5accb7cab"
  version = "v1.0.5"

[[projects]]
  branch = "master"
  digest = "1:1b90e63244513e8514749f45da58e89350d35cb3e12416ce6ed95f41c2a1f177"
  name = "golang.org/x/sys"
  packages = ["unix"]
  pruneopts = "UT"
  revision = "c990c680b611ac1aeb7d8f2af94a825f98d69720"

[solve-meta]
  analyzer-name = "dep"
  analyzer-version = 1
  input-imports = [
    "github.com/rajatjindal/gfi-analytics-client/cmd",
    "github.com/spf13/cobra",
  ]
  solver-name = "gps-cdcl"
  solver-version = 1
